
Microsoft Visual Studio Solution File, Format Version 12.00
# Visual Studio 15
VisualStudioVersion = 15.0.28307.1082
MinimumVisualStudioVersion = 10.0.40219.1
Project("{FAE04EC0-301F-11D3-BF4B-00C04F79EFBC}") = "ASPNETCoreWebMVC2017Test", "ASPNETCoreWebMVC2017Test\ASPNETCoreWebMVC2017Test.csproj", "{1711F4E2-283B-42C8-81D4-81FE29EB066C}"
EndProject
Global
	GlobalSection(SolutionConfigurationPlatforms) = preSolution
		Debug|Any CPU = Debug|Any CPU
		Release|Any CPU = Release|Any CPU
	EndGlobalSection
	GlobalSection(ProjectConfigurationPlatforms) = postSolution
		{1711F4E2-283B-42C8-81D4-81FE29EB066C}.Debug|Any CPU.ActiveCfg = Debug|Any CPU
		{1711F4E2-283B-42C8-81D4-81FE29EB066C}.Debug|Any CPU.Build.0 = Debug|Any CPU
		{1711F4E2-283B-42C8-81D4-81FE29EB066C}.Release|Any CPU.ActiveCfg = Release|Any CPU
		{1711F4E2-283B-42C8-81D4-81FE29EB066C}.Release|Any CPU.Build.0 = Release|Any CPU
	EndGlobalSection
	GlobalSection(SolutionProperties) = preSolution
		HideSolutionNode = FALSE
	EndGlobalSection
	GlobalSection(ExtensibilityGlobals) = postSolution
		SolutionGuid = {A07B8F7F-A122-4C07-9C1B-637C4CB9892E}
	EndGlobalSection
EndGlobal
